
Microsoft Visual Studio Solution File, Format Version 12.00
# Visual Studio 15
VisualStudioVersion = 15.0.27004.2005
MinimumVisualStudioVersion = 10.0.40219.1
Project("{D954291E-2A0B-460D-934E-DC6B0785DB48}") = "AllProbe1", "AllProbe1\AllProbe1\AllProbe1.shproj", "{A81F4BA4-2ECB-4804-9CE5-0564295580CF}"
EndProject
Project("{FAE04EC0-301F-11D3-BF4B-00C04F79EFBC}") = "AllProbe1.Android", "AllProbe1\AllProbe1.Android\AllProbe1.Android.csproj", "{E1961232-B6B3-4F5E-BC59-97C06848FBC3}"
EndProject
Project("{FAE04EC0-301F-11D3-BF4B-00C04F79EFBC}") = "AllProbe1.iOS", "AllProbe1\AllProbe1.iOS\AllProbe1.iOS.csproj", "{12622A2A-467E-4CA1-BDBD-508ACBE3ABE3}"
EndProject
Project("{FAE04EC0-301F-11D3-BF4B-00C04F79EFBC}") = "AllProbe1.UWP", "AllProbe1\AllProbe1.UWP\AllProbe1.UWP.csproj", "{E46302FC-9DA5-4BAA-A431-AECEF2DAA124}"
EndProject
Global
	GlobalSection(SharedMSBuildProjectFiles) = preSolution
		AllProbe1\AllProbe1\AllProbe1.projitems*{12622a2a-467e-4ca1-bdbd-508acbe3abe3}*SharedItemsImports = 4
		AllProbe1\AllProbe1\AllProbe1.projitems*{a81f4ba4-2ecb-4804-9ce5-0564295580cf}*SharedItemsImports = 13
		AllProbe1\AllProbe1\AllProbe1.projitems*{e1961232-b6b3-4f5e-bc59-97c06848fbc3}*SharedItemsImports = 4
		AllProbe1\AllProbe1\AllProbe1.projitems*{e46302fc-9da5-4baa-a431-aecef2daa124}*SharedItemsImports = 4
	EndGlobalSection
	GlobalSection(SolutionConfigurationPlatforms) = preSolution
		Debug|Any CPU = Debug|Any CPU
		Debug|ARM = Debug|ARM
		Debug|iPhone = Debug|iPhone
		Debug|iPhoneSimulator = Debug|iPhoneSimulator
		Debug|x64 = Debug|x64
		Debug|x86 = Debug|x86
		Release|Any CPU = Release|Any CPU
		Release|ARM = Release|ARM
		Release|iPhone = Release|iPhone
		Release|iPhoneSimulator = Release|iPhoneSimulator
		Release|x64 = Release|x64
		Release|x86 = Release|x86
	EndGlobalSection
	GlobalSection(ProjectConfigurationPlatforms) = postSolution
		{E1961232-B6B3-4F5E-BC59-97C06848FBC3}.Debug|Any CPU.ActiveCfg = Debug|Any CPU
		{E1961232-B6B3-4F5E-BC59-97C06848FBC3}.Debug|Any CPU.Build.0 = Debug|Any CPU
		{E1961232-B6B3-4F5E-BC59-97C06848FBC3}.Debug|Any CPU.Deploy.0 = Debug|Any CPU
		{E1961232-B6B3-4F5E-BC59-97C06848FBC3}.Debug|ARM.ActiveCfg = Debug|Any CPU
		{E1961232-B6B3-4F5E-BC59-97C06848FBC3}.Debug|ARM.Build.0 = Debug|Any CPU
		{E1961232-B6B3-4F5E-BC59-97C06848FBC3}.Debug|ARM.Deploy.0 = Debug|Any CPU
		{E1961232-B6B3-4F5E-BC59-97C06848FBC3}.Debug|iPhone.ActiveCfg = Debug|Any CPU
		{E1961232-B6B3-4F5E-BC59-97C06848FBC3}.Debug|iPhone.Build.0 = Debug|Any CPU
		{E1961232-B6B3-4F5E-BC59-97C06848FBC3}.Debug|iPhone.Deploy.0 = Debug|Any CPU
		{E1961232-B6B3-4F5E-BC59-97C06848FBC3}.Debug|iPhoneSimulator.ActiveCfg = Debug|Any CPU
		{E1961232-B6B3-4F5E-BC59-97C06848FBC3}.Debug|iPhoneSimulator.Build.0 = Debug|Any CPU
		{E1961232-B6B3-4F5E-BC59-97C06848FBC3}.Debug|iPhoneSimulator.Deploy.0 = Debug|Any CPU
		{E1961232-B6B3-4F5E-BC59-97C06848FBC3}.Debug|x64.ActiveCfg = Debug|Any CPU
		{E1961232-B6B3-4F5E-BC59-97C06848FBC3}.Debug|x64.Build.0 = Debug|Any CPU
		{E1961232-B6B3-4F5E-BC59-97C06848FBC3}.Debug|x64.Deploy.0 = Debug|Any CPU
		{E1961232-B6B3-4F5E-BC59-97C06848FBC3}.Debug|x86.ActiveCfg = Debug|Any CPU
		{E1961232-B6B3-4F5E-BC59-97C06848FBC3}.Debug|x86.Build.0 = Debug|Any CPU
		{E1961232-B6B3-4F5E-BC59-97C06848FBC3}.Debug|x86.Deploy.0 = Debug|Any CPU
		{E1961232-B6B3-4F5E-BC59-97C06848FBC3}.Release|Any CPU.ActiveCfg = Release|Any CPU
		{E1961232-B6B3-4F5E-BC59-97C06848FBC3}.Release|Any CPU.Build.0 = Release|Any CPU
		{E1961232-B6B3-4F5E-BC59-97C06848FBC3}.Release|Any CPU.Deploy.0 = Release|Any CPU
		{E1961232-B6B3-4F5E-BC59-97C06848FBC3}.Release|ARM.ActiveCfg = Release|Any CPU
		{E1961232-B6B3-4F5E-BC59-97C06848FBC3}.Release|ARM.Build.0 = Release|Any CPU
		{E1961232-B6B3-4F5E-BC59-97C06848FBC3}.Release|ARM.Deploy.0 = Release|Any CPU
		{E1961232-B6B3-4F5E-BC59-97C06848FBC3}.Release|iPhone.ActiveCfg = Release|Any CPU
		{E1961232-B6B3-4F5E-BC59-97C06848FBC3}.Release|iPhone.Build.0 = Release|Any CPU
		{E1961232-B6B3-4F5E-BC59-97C06848FBC3}.Release|iPhone.Deploy.0 = Release|Any CPU
		{E1961232-B6B3-4F5E-BC59-97C06848FBC3}.Release|iPhoneSimulator.ActiveCfg = Release|Any CPU
		{E1961232-B6B3-4F5E-BC59-97C06848FBC3}.Release|iPhoneSimulator.Build.0 = Release|Any CPU
		{E1961232-B6B3-4F5E-BC59-97C06848FBC3}.Release|iPhoneSimulator.Deploy.0 = Release|Any CPU
		{E1961232-B6B3-4F5E-BC59-97C06848FBC3}.Release|x64.ActiveCfg = Release|Any CPU
		{E1961232-B6B3-4F5E-BC59-97C06848FBC3}.Release|x64.Build.0 = Release|Any CPU
		{E1961232-B6B3-4F5E-BC59-97C06848FBC3}.Release|x64.Deploy.0 = Release|Any CPU
		{E1961232-B6B3-4F5E-BC59-97C06848FBC3}.Release|x86.ActiveCfg = Release|Any CPU
		{E1961232-B6B3-4F5E-BC59-97C06848FBC3}.Release|x86.Build.0 = Release|Any CPU
		{E1961232-B6B3-4F5E-BC59-97C06848FBC3}.Release|x86.Deploy.0 = Release|Any CPU
		{12622A2A-467E-4CA1-BDBD-508ACBE3ABE3}.Debug|Any CPU.ActiveCfg = Debug|iPhone
		{12622A2A-467E-4CA1-BDBD-508ACBE3ABE3}.Debug|ARM.ActiveCfg = Debug|iPhone
		{12622A2A-467E-4CA1-BDBD-508ACBE3ABE3}.Debug|iPhone.ActiveCfg = Debug|iPhone
		{12622A2A-467E-4CA1-BDBD-508ACBE3ABE3}.Debug|iPhone.Build.0 = Debug|iPhone
		{12622A2A-467E-4CA1-BDBD-508ACBE3ABE3}.Debug|iPhoneSimulator.ActiveCfg = Debug|iPhoneSimulator
		{12622A2A-467E-4CA1-BDBD-508ACBE3ABE3}.Debug|iPhoneSimulator.Build.0 = Debug|iPhoneSimulator
		{12622A2A-467E-4CA1-BDBD-508ACBE3ABE3}.Debug|x64.ActiveCfg = Debug|iPhone
		{12622A2A-467E-4CA1-BDBD-508ACBE3ABE3}.Debug|x86.ActiveCfg = Debug|iPhone
		{12622A2A-467E-4CA1-BDBD-508ACBE3ABE3}.Release|Any CPU.ActiveCfg = Release|iPhone
		{12622A2A-467E-4CA1-BDBD-508ACBE3ABE3}.Release|ARM.ActiveCfg = Release|iPhone
		{12622A2A-467E-4CA1-BDBD-508ACBE3ABE3}.Release|iPhone.ActiveCfg = Release|iPhone
		{12622A2A-467E-4CA1-BDBD-508ACBE3ABE3}.Release|iPhone.Build.0 = Release|iPhone
		{12622A2A-467E-4CA1-BDBD-508ACBE3ABE3}.Release|iPhoneSimulator.ActiveCfg = Release|iPhoneSimulator
		{12622A2A-467E-4CA1-BDBD-508ACBE3ABE3}.Release|iPhoneSimulator.Build.0 = Release|iPhoneSimulator
		{12622A2A-467E-4CA1-BDBD-508ACBE3ABE3}.Release|x64.ActiveCfg = Release|iPhone
		{12622A2A-467E-4CA1-BDBD-508ACBE3ABE3}.Release|x86.ActiveCfg = Release|iPhone
		{E46302FC-9DA5-4BAA-A431-AECEF2DAA124}.Debug|Any CPU.ActiveCfg = Debug|x86
		{E46302FC-9DA5-4BAA-A431-AECEF2DAA124}.Debug|ARM.ActiveCfg = Debug|ARM
		{E46302FC-9DA5-4BAA-A431-AECEF2DAA124}.Debug|ARM.Build.0 = Debug|ARM
		{E46302FC-9DA5-4BAA-A431-AECEF2DAA124}.Debug|ARM.Deploy.0 = Debug|ARM
		{E46302FC-9DA5-4BAA-A431-AECEF2DAA124}.Debug|iPhone.ActiveCfg = Debug|x86
		{E46302FC-9DA5-4BAA-A431-AECEF2DAA124}.Debug|iPhoneSimulator.ActiveCfg = Debug|x86
		{E46302FC-9DA5-4BAA-A431-AECEF2DAA124}.Debug|x64.ActiveCfg = Debug|x64
		{E46302FC-9DA5-4BAA-A431-AECEF2DAA124}.Debug|x64.Build.0 = Debug|x64
		{E46302FC-9DA5-4BAA-A431-AECEF2DAA124}.Debug|x64.Deploy.0 = Debug|x64
		{E46302FC-9DA5-4BAA-A431-AECEF2DAA124}.Debug|x86.ActiveCfg = Debug|x86
		{E46302FC-9DA5-4BAA-A431-AECEF2DAA124}.Debug|x86.Build.0 = Debug|x86
		{E46302FC-9DA5-4BAA-A431-AECEF2DAA124}.Debug|x86.Deploy.0 = Debug|x86
		{E46302FC-9DA5-4BAA-A431-AECEF2DAA124}.Release|Any CPU.ActiveCfg = Release|x86
		{E46302FC-9DA5-4BAA-A431-AECEF2DAA124}.Release|ARM.ActiveCfg = Release|ARM
		{E46302FC-9DA5-4BAA-A431-AECEF2DAA124}.Release|ARM.Build.0 = Release|ARM
		{E46302FC-9DA5-4BAA-A431-AECEF2DAA124}.Release|ARM.Deploy.0 = Release|ARM
		{E46302FC-9DA5-4BAA-A431-AECEF2DAA124}.Release|iPhone.ActiveCfg = Release|x86
		{E46302FC-9DA5-4BAA-A431-AECEF2DAA124}.Release|iPhoneSimulator.ActiveCfg = Release|x86
		{E46302FC-9DA5-4BAA-A431-AECEF2DAA124}.Release|x64.ActiveCfg = Release|x64
		{E46302FC-9DA5-4BAA-A431-AECEF2DAA124}.Release|x64.Build.0 = Release|x64
		{E46302FC-9DA5-4BAA-A431-AECEF2DAA124}.Release|x64.Deploy.0 = Release|x64
		{E46302FC-9DA5-4BAA-A431-AECEF2DAA124}.Release|x86.ActiveCfg = Release|x86
		{E46302FC-9DA5-4BAA-A431-AECEF2DAA124}.Release|x86.Build.0 = Release|x86
		{E46302FC-9DA5-4BAA-A431-AECEF2DAA124}.Release|x86.Deploy.0 = Release|x86
	EndGlobalSection
	GlobalSection(SolutionProperties) = preSolution
		HideSolutionNode = FALSE
	EndGlobalSection
	GlobalSection(ExtensibilityGlobals) = postSolution
		SolutionGuid = {2F9FFC9E-A214-499D-9623-8FE97A23A87D}
	EndGlobalSection
EndGlobal
